{
  "name": "mocha.parallel",
  "version": "0.15.6",
  "lockfileVersion": 1,
  "requires": true,
  "dependencies": {
    "bluebird": {
      "version": "2.11.0",
      "resolved": "https://registry.npmjs.org/bluebird/-/bluebird-2.11.0.tgz",
      "integrity": "sha1-U0uQM8AiyVecVro7Plpcqvu2UOE="
    },
    "dirmap": {
      "version": "0.0.2",
      "resolved": "https://registry.npmjs.org/dirmap/-/dirmap-0.0.2.tgz",
      "integrity": "sha1-f4Cn2ZLZ/q2talqww90okesF5+Q=",
      "dev": true
    },
    "semaphore": {
      "version": "1.1.0",
      "resolved": "https://registry.npmjs.org/semaphore/-/semaphore-1.1.0.tgz",
      "integrity": "sha512-O4OZEaNtkMd/K0i6js9SL+gqy0ZCBMgUvlSqHKi4IBdjhe7wB8pwztUk1BbZ1fmrvpwFrPbHzqd2w5pTcJH6LA=="
    }
  }
}
